
Microsoft Visual Studio Solution File, Format Version 12.00
# Visual Studio Version 17
VisualStudioVersion = 17.9.34616.47
MinimumVisualStudioVersion = 10.0.40219.1
Project("{9A19103F-16F7-4668-BE54-9A1E7A4F7556}") = "owoow.Core", "owoow.Core\owoow.Core.csproj", "{3735B69D-F459-4801-AA65-D9FE272F07C0}"
EndProject
Project("{9A19103F-16F7-4668-BE54-9A1E7A4F7556}") = "owoow.WinForms", "owoow.WinForms\owoow.WinForms.csproj", "{0BBAFAAE-D1BD-459E-8196-D0A985AD7966}"
	ProjectSection(ProjectDependencies) = postProject
		{3735B69D-F459-4801-AA65-D9FE272F07C0} = {3735B69D-F459-4801-AA65-D9FE272F07C0}
	EndProjectSection
EndProject
Global
	GlobalSection(SolutionConfigurationPlatforms) = preSolution
		Debug|x64 = Debug|x64
		Release|x64 = Release|x64
	EndGlobalSection
	GlobalSection(ProjectConfigurationPlatforms) = postSolution
		{3735B69D-F459-4801-AA65-D9FE272F07C0}.Debug|x64.ActiveCfg = Debug|x64
		{3735B69D-F459-4801-AA65-D9FE272F07C0}.Debug|x64.Build.0 = Debug|x64
		{3735B69D-F459-4801-AA65-D9FE272F07C0}.Release|x64.ActiveCfg = Release|x64
		{3735B69D-F459-4801-AA65-D9FE272F07C0}.Release|x64.Build.0 = Release|x64
		{0BBAFAAE-D1BD-459E-8196-D0A985AD7966}.Debug|x64.ActiveCfg = Debug|x64
		{0BBAFAAE-D1BD-459E-8196-D0A985AD7966}.Debug|x64.Build.0 = Debug|x64
		{0BBAFAAE-D1BD-459E-8196-D0A985AD7966}.Release|x64.ActiveCfg = Release|x64
		{0BBAFAAE-D1BD-459E-8196-D0A985AD7966}.Release|x64.Build.0 = Release|x64
	EndGlobalSection
	GlobalSection(SolutionProperties) = preSolution
		HideSolutionNode = FALSE
	EndGlobalSection
	GlobalSection(ExtensibilityGlobals) = postSolution
		SolutionGuid = {828B49C1-6C9A-488B-920B-8617199F098C}
	EndGlobalSection
EndGlobal
